// !$*UTF8*$!
{
	archiveVersion = 1;
	classes = {
	};
	objectVersion = 50;
	objects = {

/* Begin PBXBuildFile section */
		315C05D7EC19EA9197DD45E0 /* Pods_SampleTaskMaps.framework in Frameworks */ = {isa = PBXBuildFile; fileRef = 4A5DD1E5D03B03581E71AF46 /* Pods_SampleTaskMaps.framework */; };
		35758ED920EF254100371DAB /* AppDelegate.swift in Sources */ = {isa = PBXBuildFile; fileRef = 35758ED820EF254100371DAB /* AppDelegate.swift */; };
		35758EDB20EF254100371DAB /* ViewController.swift in Sources */ = {isa = PBXBuildFile; fileRef = 35758EDA20EF254100371DAB /* ViewController.swift */; };
		35758EDE20EF254100371DAB /* Main.storyboard in Resources */ = {isa = PBXBuildFile; fileRef = 35758EDC20EF254100371DAB /* Main.storyboard */; };
		35758EE020EF254300371DAB /* Assets.xcassets in Resources */ = {isa = PBXBuildFile; fileRef = 35758EDF20EF254300371DAB /* Assets.xcassets */; };
		35758EE320EF254300371DAB /* LaunchScreen.storyboard in Resources */ = {isa = PBXBuildFile; fileRef = 35758EE120EF254300371DAB /* LaunchScreen.storyboard */; };
/* End PBXBuildFile section */

/* Begin PBXFileReference section */
		35758ED520EF254000371DAB /* SampleTaskMaps.app */ = {isa = PBXFileReference; explicitFileType = wrapper.application; includeInIndex = 0; path = SampleTaskMaps.app; sourceTree = BUILT_PRODUCTS_DIR; };
		35758ED820EF254100371DAB /* AppDelegate.swift */ = {isa = PBXFileReference; lastKnownFileType = sourcecode.swift; path = AppDelegate.swift; sourceTree = "<group>"; };
		35758EDA20EF254100371DAB /* ViewController.swift */ = {isa = PBXFileReference; lastKnownFileType = sourcecode.swift; path = ViewController.swift; sourceTree = "<group>"; };
		35758EDD20EF254100371DAB /* Base */ = {isa = PBXFileReference; lastKnownFileType = file.storyboard; name = Base; path = Base.lproj/Main.storyboard; sourceTree = "<group>"; };
		35758EDF20EF254300371DAB /* Assets.xcassets */ = {isa = PBXFileReference; lastKnownFileType = folder.assetcatalog; path = Assets.xcassets; sourceTree = "<group>"; };
		35758EE220EF254300371DAB /* Base */ = {isa = PBXFileReference; lastKnownFileType = file.storyboard; name = Base; path = Base.lproj/LaunchScreen.storyboard; sourceTree = "<group>"; };
		35758EE420EF254300371DAB /* Info.plist */ = {isa = PBXFileReference; lastKnownFileType = text.plist.xml; path = Info.plist; sourceTree = "<group>"; };
		4A5DD1E5D03B03581E71AF46 /* Pods_SampleTaskMaps.framework */ = {isa = PBXFileReference; explicitFileType = wrapper.framework; includeInIndex = 0; path = Pods_SampleTaskMaps.framework; sourceTree = BUILT_PRODUCTS_DIR; };
		C1EB4E616CEA353FC7E50276 /* Pods-SampleTaskMaps.release.xcconfig */ = {isa = PBXFileReference; includeInIndex = 1; lastKnownFileType = text.xcconfig; name = "Pods-SampleTaskMaps.release.xcconfig"; path = "Pods/Target Support Files/Pods-SampleTaskMaps/Pods-SampleTaskMaps.release.xcconfig"; sourceTree = "<group>"; };
		DDE3299CA0C3C2C99BFCA03D /* Pods-SampleTaskMaps.debug.xcconfig */ = {isa = PBXFileReference; includeInIndex = 1; lastKnownFileType = text.xcconfig; name = "Pods-SampleTaskMaps.debug.xcconfig"; path = "Pods/Target Support Files/Pods-SampleTaskMaps/Pods-SampleTaskMaps.debug.xcconfig"; sourceTree = "<group>"; };
/* End PBXFileReference section */

/* Begin PBXFrameworksBuildPhase section */
		35758ED220EF254000371DAB /* Frameworks */ = {
			isa = PBXFrameworksBuildPhase;
			buildActionMask = 2147483647;
			files = (
				315C05D7EC19EA9197DD45E0 /* Pods_SampleTaskMaps.framework in Frameworks */,
			);
			runOnlyForDeploymentPostprocessing = 0;
		};
/* End PBXFrameworksBuildPhase section */

/* Begin PBXGroup section */
		2CA645FBAF1AA119AB91E039 /* Frameworks */ = {
			isa = PBXGroup;
			children = (
				4A5DD1E5D03B03581E71AF46 /* Pods_SampleTaskMaps.framework */,
			);
			name = Frameworks;
			sourceTree = "<group>";
		};
		35758ECC20EF254000371DAB = {
			isa = PBXGroup;
			children = (
				35758ED720EF254000371DAB /* SampleTaskMaps */,
				35758ED620EF254000371DAB /* Products */,
				F60BE05EADBAF859828D43CA /* Pods */,
				2CA645FBAF1AA119AB91E039 /* Frameworks */,
			);
			sourceTree = "<group>";
		};
		35758ED620EF254000371DAB /* Products */ = {
			isa = PBXGroup;
			children = (
				35758ED520EF254000371DAB /* SampleTaskMaps.app */,
			);
			name = Products;
			sourceTree = "<group>";
		};
		35758ED720EF254000371DAB /* SampleTaskMaps */ = {
			isa = PBXGroup;
			children = (
				35758ED820EF254100371DAB /* AppDelegate.swift */,
				35758EDA20EF254100371DAB /* ViewController.swift */,
				35758EDC20EF254100371DAB /* Main.storyboard */,
				35758EDF20EF254300371DAB /* Assets.xcassets */,
				35758EE120EF254300371DAB /* LaunchScreen.storyboard */,
				35758EE420EF254300371DAB /* Info.plist */,
			);
			path = SampleTaskMaps;
			sourceTree = "<group>";
		};
		F60BE05EADBAF859828D43CA /* Pods */ = {
			isa = PBXGroup;
			children = (
				DDE3299CA0C3C2C99BFCA03D /* Pods-SampleTaskMaps.debug.xcconfig */,
				C1EB4E616CEA353FC7E50276 /* Pods-SampleTaskMaps.release.xcconfig */,
			);
			name = Pods;
			sourceTree = "<group>";
		};
/* End PBXGroup section */

/* Begin PBXNativeTarget section */
		35758ED420EF254000371DAB /* SampleTaskMaps */ = {
			isa = PBXNativeTarget;
			buildConfigurationList = 35758EE720EF254300371DAB /* Build configuration list for PBXNativeTarget "SampleTaskMaps" */;
			buildPhases = (
				447BED2174E31CC3CF0BEF06 /* [CP] Check Pods Manifest.lock */,
				35758ED120EF254000371DAB /* Sources */,
				35758ED220EF254000371DAB /* Frameworks */,
				35758ED320EF254000371DAB /* Resources */,
				2787CCCFEBBDA6D14FB1F9BC /* [CP] Copy Pods Resources */,
			);
			buildRules = (
			);
			dependencies = (
			);
			name = SampleTaskMaps;
			productName = SampleTaskMaps;
			productReference = 35758ED520EF254000371DAB /* SampleTaskMaps.app */;
			productType = "com.apple.product-type.application";
		};
/* End PBXNativeTarget section */

/* Begin PBXProject section */
		35758ECD20EF254000371DAB /* Project object */ = {
			isa = PBXProject;
			attributes = {
				LastSwiftUpdateCheck = 0930;
				LastUpgradeCheck = 0930;
				ORGANIZATIONNAME = "Basavaraj D";
				TargetAttributes = {
					35758ED420EF254000371DAB = {
						CreatedOnToolsVersion = 9.3;
					};
				};
			};
			buildConfigurationList = 35758ED020EF254000371DAB /* Build configuration list for PBXProject "SampleTaskMaps" */;
			compatibilityVersion = "Xcode 9.3";
			developmentRegion = en;
			hasScannedForEncodings = 0;
			knownRegions = (
				en,
				Base,
			);
			mainGroup = 35758ECC20EF254000371DAB;
			productRefGroup = 35758ED620EF254000371DAB /* Products */;
			projectDirPath = "";
			projectRoot = "";
			targets = (
				35758ED420EF254000371DAB /* SampleTaskMaps */,
			);
		};
/* End PBXProject section */

/* Begin PBXResourcesBuildPhase section */
		35758ED320EF254000371DAB /* Resources */ = {
			isa = PBXResourcesBuildPhase;
			buildActionMask = 2147483647;
			files = (
				35758EE320EF254300371DAB /* LaunchScreen.storyboard in Resources */,
				35758EE020EF254300371DAB /* Assets.xcassets in Resources */,
				35758EDE20EF254100371DAB /* Main.storyboard in Resources */,
			);
			runOnlyForDeploymentPostprocessing = 0;
		};
/* End PBXResourcesBuildPhase section */

/* Begin PBXShellScriptBuildPhase section */
		2787CCCFEBBDA6D14FB1F9BC /* [CP] Copy Pods Resources */ = {
			isa = PBXShellScriptBuildPhase;
			buildActionMask = 2147483647;
			files = (
			);
			inputPaths = (
				"${SRCROOT}/Pods/Target Support Files/Pods-SampleTaskMaps/Pods-SampleTaskMaps-resources.sh",
				"${PODS_ROOT}/GoogleMaps/Maps/Frameworks/GoogleMaps.framework/Resources/GoogleMaps.bundle",
				"${PODS_ROOT}/GooglePlaces/Frameworks/GooglePlaces.framework/Resources/GooglePlaces.bundle",
			);
			name = "[CP] Copy Pods Resources";
			outputPaths = (
				"${TARGET_BUILD_DIR}/${UNLOCALIZED_RESOURCES_FOLDER_PATH}/GoogleMaps.bundle",
				"${TARGET_BUILD_DIR}/${UNLOCALIZED_RESOURCES_FOLDER_PATH}/GooglePlaces.bundle",
			);
			runOnlyForDeploymentPostprocessing = 0;
			shellPath = /bin/sh;
			shellScript = "\"${SRCROOT}/Pods/Target Support Files/Pods-SampleTaskMaps/Pods-SampleTaskMaps-resources.sh\"\n";
			showEnvVarsInLog = 0;
		};
		447BED2174E31CC3CF0BEF06 /* [CP] Check Pods Manifest.lock */ = {
			isa = PBXShellScriptBuildPhase;
			buildActionMask = 2147483647;
			files = (
			);
			inputPaths = (
				"${PODS_PODFILE_DIR_PATH}/Podfile.lock",
				"${PODS_ROOT}/Manifest.lock",
			);
			name = "[CP] Check Pods Manifest.lock";
			outputPaths = (
				"$(DERIVED_FILE_DIR)/Pods-SampleTaskMaps-checkManifestLockResult.txt",
			);
			runOnlyForDeploymentPostprocessing = 0;
			shellPath = /bin/sh;
			shellScript = "diff \"${PODS_PODFILE_DIR_PATH}/Podfile.lock\" \"${PODS_ROOT}/Manifest.lock\" > /dev/null\nif [ $? != 0 ] ; then\n    # print error to STDERR\n    echo \"error: The sandbox is not in sync with the Podfile.lock. Run 'pod install' or update your CocoaPods installation.\" >&2\n    exit 1\nfi\n# This output is used by Xcode 'outputs' to avoid re-running this script phase.\necho \"SUCCESS\" > \"${SCRIPT_OUTPUT_FILE_0}\"\n";
			showEnvVarsInLog = 0;
		};
/* End PBXShellScriptBuildPhase section */

/* Begin PBXSourcesBuildPhase section */
		35758ED120EF254000371DAB /* Sources */ = {
			isa = PBXSourcesBuildPhase;
			buildActionMask = 2147483647;
			files = (
				35758EDB20EF254100371DAB /* ViewController.swift in Sources */,
				35758ED920EF254100371DAB /* AppDelegate.swift in Sources */,
			);
			runOnlyForDeploymentPostprocessing = 0;
		};
/* End PBXSourcesBuildPhase section */

/* Begin PBXVariantGroup section */
		35758EDC20EF254100371DAB /* Main.storyboard */ = {
			isa = PBXVariantGroup;
			children = (
				35758EDD20EF254100371DAB /* Base */,
			);
			name = Main.storyboard;
			sourceTree = "<group>";
		};
		35758EE120EF254300371DAB /* LaunchScreen.storyboard */ = {
			isa = PBXVariantGroup;
			children = (
				35758EE220EF254300371DAB /* Base */,
			);
			name = LaunchScreen.storyboard;
			sourceTree = "<group>";
		};
/* End PBXVariantGroup section */

/* Begin XCBuildConfiguration section */
		35758EE520EF254300371DAB /* Debug */ = {
			isa = XCBuildConfiguration;
			buildSettings = {
				ALWAYS_SEARCH_USER_PATHS = NO;
				CLANG_ANALYZER_NONNULL = YES;
				CLANG_ANALYZER_NUMBER_OBJECT_CONVERSION = YES_AGGRESSIVE;
				CLANG_CXX_LANGUAGE_STANDARD = "gnu++14";
				CLANG_CXX_LIBRARY = "libc++";
				CLANG_ENABLE_MODULES = YES;
				CLANG_ENABLE_OBJC_ARC = YES;
				CLANG_ENABLE_OBJC_WEAK = YES;
				CLANG_WARN_BLOCK_CAPTURE_AUTORELEASING = YES;
				CLANG_WARN_BOOL_CONVERSION = YES;
				CLANG_WARN_COMMA = YES;
				CLANG_WARN_CONSTANT_CONVERSION = YES;
				CLANG_WARN_DEPRECATED_OBJC_IMPLEMENTATIONS = YES;
				CLANG_WARN_DIRECT_OBJC_ISA_USAGE = YES_ERROR;
				CLANG_WARN_DOCUMENTATION_COMMENTS = YES;
				CLANG_WARN_EMPTY_BODY = YES;
				CLANG_WARN_ENUM_CONVERSION = YES;
				CLANG_WARN_INFINITE_RECURSION = YES;
				CLANG_WARN_INT_CONVERSION = YES;
				CLANG_WARN_NON_LITERAL_NULL_CONVERSION = YES;
				CLANG_WARN_OBJC_IMPLICIT_RETAIN_SELF = YES;
				CLANG_WARN_OBJC_LITERAL_CONVERSION = YES;
				CLANG_WARN_OBJC_ROOT_CLASS = YES_ERROR;
				CLANG_WARN_RANGE_LOOP_ANALYSIS = YES;
				CLANG_WARN_STRICT_PROTOTYPES = YES;
				CLANG_WARN_SUSPICIOUS_MOVE = YES;
				CLANG_WARN_UNGUARDED_AVAILABILITY = YES_AGGRESSIVE;
				CLANG_WARN_UNREACHABLE_CODE = YES;
				CLANG_WARN__DUPLICATE_METHOD_MATCH = YES;
				CODE_SIGN_IDENTITY = "iPhone Developer";
				COPY_PHASE_STRIP = NO;
				DEBUG_INFORMATION_FORMAT = dwarf;
				ENABLE_STRICT_OBJC_MSGSEND = YES;
				ENABLE_TESTABILITY = YES;
				GCC_C_LANGUAGE_STANDARD = gnu11;
				GCC_DYNAMIC_NO_PIC = NO;
				GCC_NO_COMMON_BLOCKS = YES;
				GCC_OPTIMIZATION_LEVEL = 0;
				GCC_PREPROCESSOR_DEFINITIONS = (
					"DEBUG=1",
					"$(inherited)",
				);
				GCC_WARN_64_TO_32_BIT_CONVERSION = YES;
				GCC_WARN_ABOUT_RETURN_TYPE = YES_ERROR;
				GCC_WARN_UNDECLARED_SELECTOR = YES;
				GCC_WARN_UNINITIALIZED_AUTOS = YES_AGGRESSIVE;
				GCC_WARN_UNUSED_FUNCTION = YES;
				GCC_WARN_UNUSED_VARIABLE = YES;
				IPHONEOS_DEPLOYMENT_TARGET = 11.3;
				MTL_ENABLE_DEBUG_INFO = YES;
				ONLY_ACTIVE_ARCH = YES;
				SDKROOT = iphoneos;
				SWIFT_ACTIVE_COMPILATION_CONDITIONS = DEBUG;
				SWIFT_OPTIMIZATION_LEVEL = "-Onone";
			};
			name = Debug;
		};
		35758EE620EF254300371DAB /* Release */ = {
			isa = XCBuildConfiguration;
			buildSettings = {
				ALWAYS_SEARCH_USER_PATHS = NO;
				CLANG_ANALYZER_NONNULL = YES;
				CLANG_ANALYZER_NUMBER_OBJECT_CONVERSION = YES_AGGRESSIVE;
				CLANG_CXX_LANGUAGE_STANDARD = "gnu++14";
				CLANG_CXX_LIBRARY = "libc++";
				CLANG_ENABLE_MODULES = YES;
				CLANG_ENABLE_OBJC_ARC = YES;
				CLANG_ENABLE_OBJC_WEAK = YES;
				CLANG_WARN_BLOCK_CAPTURE_AUTORELEASING = YES;
				CLANG_WARN_BOOL_CONVERSION = YES;
				CLANG_WARN_COMMA = YES;
				CLANG_WARN_CONSTANT_CONVERSION = YES;
				CLANG_WARN_DEPRECATED_OBJC_IMPLEMENTATIONS = YES;
				CLANG_WARN_DIRECT_OBJC_ISA_USAGE = YES_ERROR;
				CLANG_WARN_DOCUMENTATION_COMMENTS = YES;
				CLANG_WARN_EMPTY_BODY = YES;
				CLANG_WARN_ENUM_CONVERSION = YES;
				CLANG_WARN_INFINITE_RECURSION = YES;
				CLANG_WARN_INT_CONVERSION = YES;
				CLANG_WARN_NON_LITERAL_NULL_CONVERSION = YES;
				CLANG_WARN_OBJC_IMPLICIT_RETAIN_SELF = YES;
				CLANG_WARN_OBJC_LITERAL_CONVERSION = YES;
				CLANG_WARN_OBJC_ROOT_CLASS = YES_ERROR;
				CLANG_WARN_RANGE_LOOP_ANALYSIS = YES;
				CLANG_WARN_STRICT_PROTOTYPES = YES;
				CLANG_WARN_SUSPICIOUS_MOVE = YES;
				CLANG_WARN_UNGUARDED_AVAILABILITY = YES_AGGRESSIVE;
				CLANG_WARN_UNREACHABLE_CODE = YES;
				CLANG_WARN__DUPLICATE_METHOD_MATCH = YES;
				CODE_SIGN_IDENTITY = "iPhone Developer";
				COPY_PHASE_STRIP = NO;
				DEBUG_INFORMATION_FORMAT = "dwarf-with-dsym";
				ENABLE_NS_ASSERTIONS = NO;
				ENABLE_STRICT_OBJC_MSGSEND = YES;
				GCC_C_LANGUAGE_STANDARD = gnu11;
				GCC_NO_COMMON_BLOCKS = YES;
				GCC_WARN_64_TO_32_BIT_CONVERSION = YES;
				GCC_WARN_ABOUT_RETURN_TYPE = YES_ERROR;
				GCC_WARN_UNDECLARED_SELECTOR = YES;
				GCC_WARN_UNINITIALIZED_AUTOS = YES_AGGRESSIVE;
				GCC_WARN_UNUSED_FUNCTION = YES;
				GCC_WARN_UNUSED_VARIABLE = YES;
				IPHONEOS_DEPLOYMENT_TARGET = 11.3;
				MTL_ENABLE_DEBUG_INFO = NO;
				SDKROOT = iphoneos;
				SWIFT_COMPILATION_MODE = wholemodule;
				SWIFT_OPTIMIZATION_LEVEL = "-O";
				VALIDATE_PRODUCT = YES;
			};
			name = Release;
		};
		35758EE820EF254300371DAB /* Debug */ = {
			isa = XCBuildConfiguration;
			baseConfigurationReference = DDE3299CA0C3C2C99BFCA03D /* Pods-SampleTaskMaps.debug.xcconfig */;
			buildSettings = {
				ASSETCATALOG_COMPILER_APPICON_NAME = AppIcon;
				CODE_SIGN_STYLE = Automatic;
				INFOPLIST_FILE = SampleTaskMaps/Info.plist;
				LD_RUNPATH_SEARCH_PATHS = "$(inherited) @executable_path/Frameworks";
				PRODUCT_BUNDLE_IDENTIFIER = com.app.SampleTaskMaps;
				PRODUCT_NAME = "$(TARGET_NAME)";
				SWIFT_VERSION = 4.0;
				TARGETED_DEVICE_FAMILY = "1,2";
			};
			name = Debug;
		};
		35758EE920EF254300371DAB /* Release */ = {
			isa = XCBuildConfiguration;
			baseConfigurationReference = C1EB4E616CEA353FC7E50276 /* Pods-SampleTaskMaps.release.xcconfig */;
			buildSettings = {
				ASSETCATALOG_COMPILER_APPICON_NAME = AppIcon;
				CODE_SIGN_STYLE = Automatic;
				INFOPLIST_FILE = SampleTaskMaps/Info.plist;
				LD_RUNPATH_SEARCH_PATHS = "$(inherited) @executable_path/Frameworks";
				PRODUCT_BUNDLE_IDENTIFIER = com.app.SampleTaskMaps;
				PRODUCT_NAME = "$(TARGET_NAME)";
				SWIFT_VERSION = 4.0;
				TARGETED_DEVICE_FAMILY = "1,2";
			};
			name = Release;
		};
/* End XCBuildConfiguration section */

/* Begin XCConfigurationList section */
		35758ED020EF254000371DAB /* Build configuration list for PBXProject "SampleTaskMaps" */ = {
			isa = XCConfigurationList;
			buildConfigurations = (
				35758EE520EF254300371DAB /* Debug */,
				35758EE620EF254300371DAB /* Release */,
			);
			defaultConfigurationIsVisible = 0;
			defaultConfigurationName = Release;
		};
		35758EE720EF254300371DAB /* Build configuration list for PBXNativeTarget "SampleTaskMaps" */ = {
			isa = XCConfigurationList;
			buildConfigurations = (
				35758EE820EF254300371DAB /* Debug */,
				35758EE920EF254300371DAB /* Release */,
			);
			defaultConfigurationIsVisible = 0;
			defaultConfigurationName = Release;
		};
/* End XCConfigurationList section */
	};
	rootObject = 35758ECD20EF254000371DAB /* Project object */;
}
